version = 1
revision = 1
requires-python = ">=3.11"

[[package]]
name = "numpy"
version = "2.3.1"
source = { registry = "https://pypi.org/simple" }
sdist = { url = "https://files.pythonhosted.org/packages/2e/19/d7c972dfe90a353dbd3efbbe1d14a5951de80c99c9dc1b93cd998d51dc0f/numpy-2.3.1.tar.gz", hash = "sha256:1ec9ae20a4226da374362cca3c62cd753faf2f951440b0e3b98e93c235441d2b", size = 20390372 }
wheels = [
    { url = "https://files.pythonhosted.org/packages/b0/c7/87c64d7ab426156530676000c94784ef55676df2f13b2796f97722464124/numpy-2.3.1-cp311-cp311-macosx_10_9_x86_64.whl", hash = "sha256:6ea9e48336a402551f52cd8f593343699003d2353daa4b72ce8d34f66b722070", size = 21199346 },
    { url = "https://files.pythonhosted.org/packages/58/0e/0966c2f44beeac12af8d836e5b5f826a407cf34c45cb73ddcdfce9f5960b/numpy-2.3.1-cp311-cp311-macosx_11_0_arm64.whl", hash = "sha256:5ccb7336eaf0e77c1635b232c141846493a588ec9ea777a7c24d7166bb8533ae", size = 14361143 },
    { url = "https://files.pythonhosted.org/packages/7d/31/6e35a247acb1bfc19226791dfc7d4c30002cd4e620e11e58b0ddf836fe52/numpy-2.3.1-cp311-cp311-macosx_14_0_arm64.whl", hash = "sha256:0bb3a4a61e1d327e035275d2a993c96fa786e4913aa089843e6a2d9dd205c66a", size = 5378989 },
    { url = "https://files.pythonhosted.org/packages/b0/25/93b621219bb6f5a2d4e713a824522c69ab1f06a57cd571cda70e2e31af44/numpy-2.3.1-cp311-cp311-macosx_14_0_x86_64.whl", hash = "sha256:e344eb79dab01f1e838ebb67aab09965fb271d6da6b00adda26328ac27d4a66e", size = 6912890 },
    { url = "https://files.pythonhosted.org/packages/ef/60/6b06ed98d11fb32e27fb59468b42383f3877146d3ee639f733776b6ac596/numpy-2.3.1-cp311-cp311-manylinux_2_28_aarch64.whl", hash = "sha256:467db865b392168ceb1ef1ffa6f5a86e62468c43e0cfb4ab6da667ede10e58db", size = 14569032 },
    { url = "https://files.pythonhosted.org/packages/75/c9/9bec03675192077467a9c7c2bdd1f2e922bd01d3a69b15c3a0fdcd8548f6/numpy-2.3.1-cp311-cp311-manylinux_2_28_x86_64.whl", hash = "sha256:afed2ce4a84f6b0fc6c1ce734ff368cbf5a5e24e8954a338f3bdffa0718adffb", size = 16930354 },
    { url = "https://files.pythonhosted.org/packages/6a/e2/5756a00cabcf50a3f527a0c968b2b4881c62b1379223931853114fa04cda/numpy-2.3.1-cp311-cp311-musllinux_1_2_aarch64.whl", hash = "sha256:0025048b3c1557a20bc80d06fdeb8cc7fc193721484cca82b2cfa072fec71a93", size = 15879605 },
    { url = "https://files.pythonhosted.org/packages/ff/86/a471f65f0a86f1ca62dcc90b9fa46174dd48f50214e5446bc16a775646c5/numpy-2.3.1-cp311-cp311-musllinux_1_2_x86_64.whl", hash = "sha256:a5ee121b60aa509679b682819c602579e1df14a5b07fe95671c8849aad8f2115", size = 18666994 },
    { url = "https://files.pythonhosted.org/packages/43/a6/482a53e469b32be6500aaf61cfafd1de7a0b0d484babf679209c3298852e/numpy-2.3.1-cp311-cp311-win32.whl", hash = "sha256:a8b740f5579ae4585831b3cf0e3b0425c667274f82a484866d2adf9570539369", size = 6603672 },
    { url = "https://files.pythonhosted.org/packages/6b/fb/bb613f4122c310a13ec67585c70e14b03bfc7ebabd24f4d5138b97371d7c/numpy-2.3.1-cp311-cp311-win_amd64.whl", hash = "sha256:d4580adadc53311b163444f877e0789f1c8861e2698f6b2a4ca852fda154f3ff", size = 13024015 },
    { url = "https://files.pythonhosted.org/packages/51/58/2d842825af9a0c041aca246dc92eb725e1bc5e1c9ac89712625db0c4e11c/numpy-2.3.1-cp311-cp311-win_arm64.whl", hash = "sha256:ec0bdafa906f95adc9a0c6f26a4871fa753f25caaa0e032578a30457bff0af6a", size = 10456989 },
    { url = "https://files.pythonhosted.org/packages/c6/56/71ad5022e2f63cfe0ca93559403d0edef14aea70a841d640bd13cdba578e/numpy-2.3.1-cp312-cp312-macosx_10_13_x86_64.whl", hash = "sha256:2959d8f268f3d8ee402b04a9ec4bb7604555aeacf78b360dc4ec27f1d508177d", size = 20896664 },
    { url = "https://files.pythonhosted.org/packages/25/65/2db52ba049813670f7f987cc5db6dac9be7cd95e923cc6832b3d32d87cef/numpy-2.3.1-cp312-cp312-macosx_11_0_arm64.whl", hash = "sha256:762e0c0c6b56bdedfef9a8e1d4538556438288c4276901ea008ae44091954e29", size = 14131078 },
    { url = "https://files.pythonhosted.org/packages/57/dd/28fa3c17b0e751047ac928c1e1b6990238faad76e9b147e585b573d9d1bd/numpy-2.3.1-cp312-cp312-macosx_14_0_arm64.whl", hash = "sha256:867ef172a0976aaa1f1d1b63cf2090de8b636a7674607d514505fb7276ab08fc", size = 5112554 },
    { url = "https://files.pythonhosted.org/packages/c9/fc/84ea0cba8e760c4644b708b6819d91784c290288c27aca916115e3311d17/numpy-2.3.1-cp312-cp312-macosx_14_0_x86_64.whl", hash = "sha256:4e602e1b8682c2b833af89ba641ad4176053aaa50f5cacda1a27004352dde943", size = 6646560 },
    { url = "https://files.pythonhosted.org/packages/61/b2/512b0c2ddec985ad1e496b0bd853eeb572315c0f07cd6997473ced8f15e2/numpy-2.3.1-cp312-cp312-manylinux_2_28_aarch64.whl", hash = "sha256:8e333040d069eba1652fb08962ec5b76af7f2c7bce1df7e1418c8055cf776f25", size = 14260638 },
    { url = "https://files.pythonhosted.org/packages/6e/45/c51cb248e679a6c6ab14b7a8e3ead3f4a3fe7425fc7a6f98b3f147bec532/numpy-2.3.1-cp312-cp312-manylinux_2_28_x86_64.whl", hash = "sha256:e7cbf5a5eafd8d230a3ce356d892512185230e4781a361229bd902ff403bc660", size = 16632729 },
    { url = "https://files.pythonhosted.org/packages/e4/ff/feb4be2e5c09a3da161b412019caf47183099cbea1132fd98061808c2df2/numpy-2.3.1-cp312-cp312-musllinux_1_2_aarch64.whl", hash = "sha256:5f1b8f26d1086835f442286c1d9b64bb3974b0b1e41bb105358fd07d20872952", size = 15565330 },
    { url = "https://files.pythonhosted.org/packages/bc/6d/ceafe87587101e9ab0d370e4f6e5f3f3a85b9a697f2318738e5e7e176ce3/numpy-2.3.1-cp312-cp312-musllinux_1_2_x86_64.whl", hash = "sha256:ee8340cb48c9b7a5899d1149eece41ca535513a9698098edbade2a8e7a84da77", size = 18361734 },
    { url = "https://files.pythonhosted.org/packages/2b/19/0fb49a3ea088be691f040c9bf1817e4669a339d6e98579f91859b902c636/numpy-2.3.1-cp312-cp312-win32.whl", hash = "sha256:e772dda20a6002ef7061713dc1e2585bc1b534e7909b2030b5a46dae8ff077ab", size = 6320411 },
    { url = "https://files.pythonhosted.org/packages/b1/3e/e28f4c1dd9e042eb57a3eb652f200225e311b608632bc727ae378623d4f8/numpy-2.3.1-cp312-cp312-win_amd64.whl", hash = "sha256:cfecc7822543abdea6de08758091da655ea2210b8ffa1faf116b940693d3df76", size = 12734973 },
    { url = "https://files.pythonhosted.org/packages/04/a8/8a5e9079dc722acf53522b8f8842e79541ea81835e9b5483388701421073/numpy-2.3.1-cp312-cp312-win_arm64.whl", hash = "sha256:7be91b2239af2658653c5bb6f1b8bccafaf08226a258caf78ce44710a0160d30", size = 10191491 },
    { url = "https://files.pythonhosted.org/packages/d4/bd/35ad97006d8abff8631293f8ea6adf07b0108ce6fec68da3c3fcca1197f2/numpy-2.3.1-cp313-cp313-macosx_10_13_x86_64.whl", hash = "sha256:25a1992b0a3fdcdaec9f552ef10d8103186f5397ab45e2d25f8ac51b1a6b97e8", size = 20889381 },
    { url = "https://files.pythonhosted.org/packages/f1/4f/df5923874d8095b6062495b39729178eef4a922119cee32a12ee1bd4664c/numpy-2.3.1-cp313-cp313-macosx_11_0_arm64.whl", hash = "sha256:7dea630156d39b02a63c18f508f85010230409db5b2927ba59c8ba4ab3e8272e", size = 14152726 },
    { url = "https://files.pythonhosted.org/packages/8c/0f/a1f269b125806212a876f7efb049b06c6f8772cf0121139f97774cd95626/numpy-2.3.1-cp313-cp313-macosx_14_0_arm64.whl", hash = "sha256:bada6058dd886061f10ea15f230ccf7dfff40572e99fef440a4a857c8728c9c0", size = 5105145 },
    { url = "https://files.pythonhosted.org/packages/6d/63/a7f7fd5f375b0361682f6ffbf686787e82b7bbd561268e4f30afad2bb3c0/numpy-2.3.1-cp313-cp313-macosx_14_0_x86_64.whl", hash = "sha256:a894f3816eb17b29e4783e5873f92faf55b710c2519e5c351767c51f79d8526d", size = 6639409 },
    { url = "https://files.pythonhosted.org/packages/bf/0d/1854a4121af895aab383f4aa233748f1df4671ef331d898e32426756a8a6/numpy-2.3.1-cp313-cp313-manylinux_2_28_aarch64.whl", hash = "sha256:18703df6c4a4fee55fd3d6e5a253d01c5d33a295409b03fda0c86b3ca2ff41a1", size = 14257630 },
    { url = "https://files.pythonhosted.org/packages/50/30/af1b277b443f2fb08acf1c55ce9d68ee540043f158630d62cef012750f9f/numpy-2.3.1-cp313-cp313-manylinux_2_28_x86_64.whl", hash = "sha256:5902660491bd7a48b2ec16c23ccb9124b8abfd9583c5fdfa123fe6b421e03de1", size = 16627546 },
    { url = "https://files.pythonhosted.org/packages/6e/ec/3b68220c277e463095342d254c61be8144c31208db18d3fd8ef02712bcd6/numpy-2.3.1-cp313-cp313-musllinux_1_2_aarch64.whl", hash = "sha256:36890eb9e9d2081137bd78d29050ba63b8dab95dff7912eadf1185e80074b2a0", size = 15562538 },
    { url = "https://files.pythonhosted.org/packages/77/2b/4014f2bcc4404484021c74d4c5ee8eb3de7e3f7ac75f06672f8dcf85140a/numpy-2.3.1-cp313-cp313-musllinux_1_2_x86_64.whl", hash = "sha256:a780033466159c2270531e2b8ac063704592a0bc62ec4a1b991c7c40705eb0e8", size = 18360327 },
    { url = "https://files.pythonhosted.org/packages/40/8d/2ddd6c9b30fcf920837b8672f6c65590c7d92e43084c25fc65edc22e93ca/numpy-2.3.1-cp313-cp313-win32.whl", hash = "sha256:39bff12c076812595c3a306f22bfe49919c5513aa1e0e70fac756a0be7c2a2b8", size = 6312330 },
    { url = "https://files.pythonhosted.org/packages/dd/c8/beaba449925988d415efccb45bf977ff8327a02f655090627318f6398c7b/numpy-2.3.1-cp313-cp313-win_amd64.whl", hash = "sha256:8d5ee6eec45f08ce507a6570e06f2f879b374a552087a4179ea7838edbcbfa42", size = 12731565 },
    { url = "https://files.pythonhosted.org/packages/0b/c3/5c0c575d7ec78c1126998071f58facfc124006635da75b090805e642c62e/numpy-2.3.1-cp313-cp313-win_arm64.whl", hash = "sha256:0c4d9e0a8368db90f93bd192bfa771ace63137c3488d198ee21dfb8e7771916e", size = 10190262 },
    { url = "https://files.pythonhosted.org/packages/ea/19/a029cd335cf72f79d2644dcfc22d90f09caa86265cbbde3b5702ccef6890/numpy-2.3.1-cp313-cp313t-macosx_10_13_x86_64.whl", hash = "sha256:b0b5397374f32ec0649dd98c652a1798192042e715df918c20672c62fb52d4b8", size = 20987593 },
    { url = "https://files.pythonhosted.org/packages/25/91/8ea8894406209107d9ce19b66314194675d31761fe2cb3c84fe2eeae2f37/numpy-2.3.1-cp313-cp313t-macosx_11_0_arm64.whl", hash = "sha256:c5bdf2015ccfcee8253fb8be695516ac4457c743473a43290fd36eba6a1777eb", size = 14300523 },
    { url = "https://files.pythonhosted.org/packages/a6/7f/06187b0066eefc9e7ce77d5f2ddb4e314a55220ad62dd0bfc9f2c44bac14/numpy-2.3.1-cp313-cp313t-macosx_14_0_arm64.whl", hash = "sha256:d70f20df7f08b90a2062c1f07737dd340adccf2068d0f1b9b3d56e2038979fee", size = 5227993 },
    { url = "https://files.pythonhosted.org/packages/e8/ec/a926c293c605fa75e9cfb09f1e4840098ed46d2edaa6e2152ee35dc01ed3/numpy-2.3.1-cp313-cp313t-macosx_14_0_x86_64.whl", hash = "sha256:2fb86b7e58f9ac50e1e9dd1290154107e47d1eef23a0ae9145ded06ea606f992", size = 6736652 },
    { url = "https://files.pythonhosted.org/packages/e3/62/d68e52fb6fde5586650d4c0ce0b05ff3a48ad4df4ffd1b8866479d1d671d/numpy-2.3.1-cp313-cp313t-manylinux_2_28_aarch64.whl", hash = "sha256:23ab05b2d241f76cb883ce8b9a93a680752fbfcbd51c50eff0b88b979e471d8c", size = 14331561 },
    { url = "https://files.pythonhosted.org/packages/fc/ec/b74d3f2430960044bdad6900d9f5edc2dc0fb8bf5a0be0f65287bf2cbe27/numpy-2.3.1-cp313-cp313t-manylinux_2_28_x86_64.whl", hash = "sha256:ce2ce9e5de4703a673e705183f64fd5da5bf36e7beddcb63a25ee2286e71ca48", size = 16693349 },
    { url = "https://files.pythonhosted.org/packages/0d/15/def96774b9d7eb198ddadfcbd20281b20ebb510580419197e225f5c55c3e/numpy-2.3.1-cp313-cp313t-musllinux_1_2_aarch64.whl", hash = "sha256:c4913079974eeb5c16ccfd2b1f09354b8fed7e0d6f2cab933104a09a6419b1ee", size = 15642053 },
    { url = "https://files.pythonhosted.org/packages/2b/57/c3203974762a759540c6ae71d0ea2341c1fa41d84e4971a8e76d7141678a/numpy-2.3.1-cp313-cp313t-musllinux_1_2_x86_64.whl", hash = "sha256:010ce9b4f00d5c036053ca684c77441f2f2c934fd23bee058b4d6f196efd8280", size = 18434184 },
    { url = "https://files.pythonhosted.org/packages/22/8a/ccdf201457ed8ac6245187850aff4ca56a79edbea4829f4e9f14d46fa9a5/numpy-2.3.1-cp313-cp313t-win32.whl", hash = "sha256:6269b9edfe32912584ec496d91b00b6d34282ca1d07eb10e82dfc780907d6c2e", size = 6440678 },
    { url = "https://files.pythonhosted.org/packages/f1/7e/7f431d8bd8eb7e03d79294aed238b1b0b174b3148570d03a8a8a8f6a0da9/numpy-2.3.1-cp313-cp313t-win_amd64.whl", hash = "sha256:2a809637460e88a113e186e87f228d74ae2852a2e0c44de275263376f17b5bdc", size = 12870697 },
    { url = "https://files.pythonhosted.org/packages/d4/ca/af82bf0fad4c3e573c6930ed743b5308492ff19917c7caaf2f9b6f9e2e98/numpy-2.3.1-cp313-cp313t-win_arm64.whl", hash = "sha256:eccb9a159db9aed60800187bc47a6d3451553f0e1b08b068d8b277ddfbb9b244", size = 10260376 },
    { url = "https://files.pythonhosted.org/packages/e8/34/facc13b9b42ddca30498fc51f7f73c3d0f2be179943a4b4da8686e259740/numpy-2.3.1-pp311-pypy311_pp73-macosx_10_15_x86_64.whl", hash = "sha256:ad506d4b09e684394c42c966ec1527f6ebc25da7f4da4b1b056606ffe446b8a3", size = 21070637 },
    { url = "https://files.pythonhosted.org/packages/65/b6/41b705d9dbae04649b529fc9bd3387664c3281c7cd78b404a4efe73dcc45/numpy-2.3.1-pp311-pypy311_pp73-macosx_14_0_arm64.whl", hash = "sha256:ebb8603d45bc86bbd5edb0d63e52c5fd9e7945d3a503b77e486bd88dde67a19b", size = 5304087 },
    { url = "https://files.pythonhosted.org/packages/7a/b4/fe3ac1902bff7a4934a22d49e1c9d71a623204d654d4cc43c6e8fe337fcb/numpy-2.3.1-pp311-pypy311_pp73-macosx_14_0_x86_64.whl", hash = "sha256:15aa4c392ac396e2ad3d0a2680c0f0dee420f9fed14eef09bdb9450ee6dcb7b7", size = 6817588 },
    { url = "https://files.pythonhosted.org/packages/ae/ee/89bedf69c36ace1ac8f59e97811c1f5031e179a37e4821c3a230bf750142/numpy-2.3.1-pp311-pypy311_pp73-manylinux_2_28_aarch64.whl", hash = "sha256:c6e0bf9d1a2f50d2b65a7cf56db37c095af17b59f6c132396f7c6d5dd76484df", size = 14399010 },
    { url = "https://files.pythonhosted.org/packages/15/08/e00e7070ede29b2b176165eba18d6f9784d5349be3c0c1218338e79c27fd/numpy-2.3.1-pp311-pypy311_pp73-manylinux_2_28_x86_64.whl", hash = "sha256:eabd7e8740d494ce2b4ea0ff05afa1b7b291e978c0ae075487c51e8bd93c0c68", size = 16752042 },
    { url = "https://files.pythonhosted.org/packages/48/6b/1c6b515a83d5564b1698a61efa245727c8feecf308f4091f565988519d20/numpy-2.3.1-pp311-pypy311_pp73-win_amd64.whl", hash = "sha256:e610832418a2bc09d974cc9fecebfa51e9532d6190223bc5ef6a7402ebf3b5cb", size = 12927246 },
]

[[package]]
name = "platformdirs"
version = "4.3.8"
source = { registry = "https://pypi.org/simple" }
sdist = { url = "https://files.pythonhosted.org/packages/fe/8b/3c73abc9c759ecd3f1f7ceff6685840859e8070c4d947c93fae71f6a0bf2/platformdirs-4.3.8.tar.gz", hash = "sha256:3d512d96e16bcb959a814c9f348431070822a6496326a4be0911c40b5a74c2bc", size = 21362 }
wheels = [
    { url = "https://files.pythonhosted.org/packages/fe/39/979e8e21520d4e47a0bbe349e2713c0aac6f3d853d0e5b34d76206c439aa/platformdirs-4.3.8-py3-none-any.whl", hash = "sha256:ff7059bb7eb1179e2685604f4aaf157cfd9535242bd23742eadc3c13542139b4", size = 18567 },
]

[[package]]
name = "pyopencl"
version = "2025.2.5"
source = { registry = "https://pypi.org/simple" }
dependencies = [
    { name = "numpy" },
    { name = "platformdirs" },
    { name = "pytools" },
    { name = "typing-extensions" },
]
sdist = { url = "https://files.pythonhosted.org/packages/27/4c/1fa950dd7dfb3bb9492cdf2acc85b77e569d2cc503491bdd38e45540f1d3/pyopencl-2025.2.5.tar.gz", hash = "sha256:eab75b8b15c45c8cafe938759b9a82f1da62eb1c57ef7bc04bce21fcbb60f485", size = 442522 }
wheels = [
    { url = "https://files.pythonhosted.org/packages/fb/97/5b4eb951fd1bb2d834b4bac5b245121522f11e32ec5ee4d55efbb260497f/pyopencl-2025.2.5-cp311-cp311-macosx_10_14_x86_64.whl", hash = "sha256:41c5eaa1eba1d810570e4420d5929a81d0b5f101d139317fed768e16a8c9f972", size = 443313 },
    { url = "https://files.pythonhosted.org/packages/3e/3c/6cca9ac78678c2ee000104727a0016bc1bec87a7e705b9b6db670e67df18/pyopencl-2025.2.5-cp311-cp311-macosx_11_0_arm64.whl", hash = "sha256:5e3bff217ee97bab041e6bb66322770126ac4a6ed61dab7dde2d0e902a75b164", size = 425561 },
    { url = "https://files.pythonhosted.org/packages/23/f7/017414233bf23d1c6a3fa5ff7dad3718a65da3ed1fc4b2e18f860dcf6165/pyopencl-2025.2.5-cp311-cp311-manylinux_2_27_x86_64.manylinux_2_28_x86_64.whl", hash = "sha256:9f92e5d2c6c4deb9bbd9b4d191d1c80f2f2885ddbcdd1a8e58a26f8dde211a82", size = 732133 },
    { url = "https://files.pythonhosted.org/packages/5b/5d/b1c9e4e5fc859c4ccf9a12ac0e81a3647f05e6379d76e43944f119e49f47/pyopencl-2025.2.5-cp311-cp311-musllinux_1_2_x86_64.whl", hash = "sha256:aaa44d03f5e8d8c26c16218d762c6d8cab99194fe58be6fdfeaba51f3df3f4e0", size = 1224526 },
    { url = "https://files.pythonhosted.org/packages/86/6f/b626137653d98e75eee13332ee173d9d2da2841f2406e3cc96ad2a3dc4af/pyopencl-2025.2.5-cp311-cp311-win_amd64.whl", hash = "sha256:7feabe96917ecf703264c219eabbabe3313ee6d0fce8eec0a5a8210a018e2100", size = 470502 },
    { url = "https://files.pythonhosted.org/packages/3e/52/6416afcf56fbbf57515e8e50d6775d695e5666ce4395a44aed5bba280084/pyopencl-2025.2.5-cp312-cp312-macosx_10_14_x86_64.whl", hash = "sha256:13262b784b7b3e45db81b0339ae59d9df18c87aabe64c8fa03bdea83932d1e00", size = 444641 },
    { url = "https://files.pythonhosted.org/packages/b2/92/0ec700e1a09d439d47e042d92b777eebcf702b397981f766773fea69e0af/pyopencl-2025.2.5-cp312-cp312-macosx_11_0_arm64.whl", hash = "sha256:bb11d7db1ea3bf9ca624c91155625faaf78cf2c8141e3ae72c8f3c2ab79e9856", size = 425088 },
    { url = "https://files.pythonhosted.org/packages/ea/49/cea3e9302a998229d0ba458eb229496a4441874eff947dfaeacc56c02635/pyopencl-2025.2.5-cp312-cp312-manylinux_2_27_x86_64.manylinux_2_28_x86_64.whl", hash = "sha256:1d4b8d09d980af2fb93d95304dfa53518d510610e5b96786edb6294c96409f12", size = 730268 },
    { url = "https://files.pythonhosted.org/packages/3f/7a/d296e4247e435957a306b348091aaea00f9df09abe1b4958362ba305da20/pyopencl-2025.2.5-cp312-cp312-musllinux_1_2_x86_64.whl", hash = "sha256:0d59e17acc31bb95d8a0941168cdae3cb5e91509e026564ce1b4cb5928d23f09", size = 1220727 },
    { url = "https://files.pythonhosted.org/packages/0c/01/7f92cc519aa65792b903dc2bec1de5028216c6f9864e558cf8529d950a87/pyopencl-2025.2.5-cp312-cp312-win_amd64.whl", hash = "sha256:6639051980df5afe2d1bcb116084a436ecc073fa2bc87d38106aa1f20fac0cf3", size = 470692 },
    { url = "https://files.pythonhosted.org/packages/ab/be/b9dec34636e652ee3ae715badf1b789d5db55e6428f1ee31682b438fc695/pyopencl-2025.2.5-cp313-cp313-macosx_10_14_x86_64.whl", hash = "sha256:28b7e5deb7733122471d1e3087c37c9a630e7b09028bc9f0d0e810611b055fd1", size = 444627 },
    { url = "https://files.pythonhosted.org/packages/93/f0/3006976dac49b4172fcba65f09c36fa3e456b4a1621909285de7fea76957/pyopencl-2025.2.5-cp313-cp313-macosx_11_0_arm64.whl", hash = "sha256:baa34852659aed566c6ca19635634436fb0fc8ef9098180722732d372d105cb6", size = 424961 },
    { url = "https://files.pythonhosted.org/packages/59/29/00e11e1b23d47fe8bb2c1de8695ee97f1022a755da14599710aebb254976/pyopencl-2025.2.5-cp313-cp313-manylinux_2_27_x86_64.manylinux_2_28_x86_64.whl", hash = "sha256:e05f12c1bc0572c97035c5e2540cdb92ca48dfefdb7faff53edac2f9390fc3ad", size = 730226 },
    { url = "https://files.pythonhosted.org/packages/8c/06/bbfc825ce5c79251d8435ab5e12260bdb95f023583289a5844e7bfd9beee/pyopencl-2025.2.5-cp313-cp313-musllinux_1_2_x86_64.whl", hash = "sha256:36fe3d11d7abf00d29a2227c008e4dd8b3b8f184bf4c66545334edc8306975c5", size = 1220613 },
    { url = "https://files.pythonhosted.org/packages/3a/6a/d51a861bff6c9d3199c1fa21b67b877c3ed5ad15aeed13d3251175791b15/pyopencl-2025.2.5-cp313-cp313-win_amd64.whl", hash = "sha256:621d044be0b8c0f82c90bbd0691b8688956dd62c5914ebd06849a90c7c81c153", size = 470572 },
]

[[package]]
name = "python-opencl-jit"
version = "0.1.0"
source = { virtual = "." }
dependencies = [
    { name = "pyopencl" },
]

[package.metadata]
requires-dist = [{ name = "pyopencl", specifier = ">=2025.2.5" }]

[[package]]
name = "pytools"
version = "2025.2.1"
source = { registry = "https://pypi.org/simple" }
dependencies = [
    { name = "platformdirs" },
    { name = "siphash24" },
    { name = "typing-extensions" },
]
sdist = { url = "https://files.pythonhosted.org/packages/21/52/54844cc170b320c329680d66cfcc59f7811a1076510a001d8f55979e800e/pytools-2025.2.1.tar.gz", hash = "sha256:06d62f977dbeddd37dc8357624926a0e069c2fc0e748ce507fec5889d464dafc", size = 83997 }
wheels = [
    { url = "https://files.pythonhosted.org/packages/4d/ff/7bf231879c58ec58cc3835c86c790cfebd4ac9221a58262a54578c4523a3/pytools-2025.2.1-py3-none-any.whl", hash = "sha256:73e4978e3964c84a1bee02770adbc19817b5d7027ece8894d69b7603d3632789", size = 97422 },
]

[[package]]
name = "siphash24"
version = "1.7"
source = { registry = "https://pypi.org/simple" }
sdist = { url = "https://files.pythonhosted.org/packages/0e/be/f0a0ffbb00c51c5633b41459b5ce9b017c025a9256b4403e648c18e70850/siphash24-1.7.tar.gz", hash = "sha256:6e90fee5f199ea25b4e7303646b31872a437174fe885a93dbd4cf7784eb48164", size = 19801 }
wheels = [
    { url = "https://files.pythonhosted.org/packages/4e/67/4ffd23a848739966e1b314ef99f6410035bccee00be14261313787b8f506/siphash24-1.7-cp311-cp311-macosx_10_9_x86_64.whl", hash = "sha256:de75488e93f1cd12c8d5004efd1ebd958c0265205a9d73e8dd8b071900838841", size = 80493 },
    { url = "https://files.pythonhosted.org/packages/56/bd/ec198a8c7aef65e967ae84f633bd9950d784c9e527d738c9a3e4bccc34a5/siphash24-1.7-cp311-cp311-macosx_11_0_arm64.whl", hash = "sha256:ffca9908450f9f346e97a223185fcd16217d67d84c6f246f3080c4224f41a514", size = 75350 },
    { url = "https://files.pythonhosted.org/packages/50/5a/77838c916bd15addfc2e51286db4c442cb12e25eb4f8d296c394c2280240/siphash24-1.7-cp311-cp311-manylinux_2_17_aarch64.manylinux2014_aarch64.whl", hash = "sha256:b8ff44ce166452993fea267ea1b2fd089d8e7f103b13d360da441f12b0df121d", size = 100567 },
    { url = "https://files.pythonhosted.org/packages/f0/aa/736a0a2efae9a6f69ac1ee4d28c2274fcad2150349fac752d6c525c4e06e/siphash24-1.7-cp311-cp311-manylinux_2_17_x86_64.manylinux2014_x86_64.whl", hash = "sha256:4062548dcb1eef13bbe0356d6f8675bfe4571ef38d7103445daa82ba167240d1", size = 105630 },
    { url = "https://files.pythonhosted.org/packages/79/52/1afbd70142d3db093d49197e3abe15ca2f1a14678299327ba776944b4771/siphash24-1.7-cp311-cp311-win32.whl", hash = "sha256:7b4ea29376b688fbcc3d25707c15a9dfe7b4ebbc4322878d75bb77e199210a39", size = 67648 },
    { url = "https://files.pythonhosted.org/packages/b5/1d/bedcd04c2d1d199c9f6b3e61a6caae0e17257696c9f49594e49856b17a99/siphash24-1.7-cp311-cp311-win_amd64.whl", hash = "sha256:ec06104e6ef1e512ee30f1b8aeae2b83c0f55f12a94042f0df5a87d43a1f4c52", size = 80046 },
    { url = "https://files.pythonhosted.org/packages/3e/62/93e552af9535a416f684327f870143ee42fc9e816091672467cdfd62cce6/siphash24-1.7-cp312-cp312-macosx_10_9_x86_64.whl", hash = "sha256:76a64ff0cdd192e4d0a391956d9b121c56ed56e773c5ab7eb7c3e035fd16e8cb", size = 82084 },
    { url = "https://files.pythonhosted.org/packages/59/3e/b0791ab53aa9ac191b71a021eab2e75baa7c27d7feb7ec148d7961d148ba/siphash24-1.7-cp312-cp312-macosx_11_0_arm64.whl", hash = "sha256:49ca649bc7437d614f758891deade3b187832792a853269219e77f10509f82fe", size = 76233 },
    { url = "https://files.pythonhosted.org/packages/29/4c/4c1b809bf302e9b60f3ec09ba115b2a4ac1ff6755735ee8884924fcdb45e/siphash24-1.7-cp312-cp312-manylinux_2_17_aarch64.manylinux2014_aarch64.whl", hash = "sha256:bc37dd0aed23f76bd257fbd2953fd5d954b329d7463c6ff57263a2699c52dde6", size = 98188 },
    { url = "https://files.pythonhosted.org/packages/96/bf/e6b49f8ff88130bd224f291ea77d30fdde4df5f6572c519aca5d8fc8a27c/siphash24-1.7-cp312-cp312-manylinux_2_17_x86_64.manylinux2014_x86_64.whl", hash = "sha256:eea490a200891905856b6ad0f9c56d4ec787876220bcb34c49441b2566b97887", size = 102946 },
    { url = "https://files.pythonhosted.org/packages/3d/75/45c831626013950fb2ea715c218c3397e5cf2328a67208bf5d8ff69aa9e6/siphash24-1.7-cp312-cp312-win32.whl", hash = "sha256:69eb8c2c112a738875bb283cd53ef5e86874bc5aed17f3020b38e9174208fb79", size = 68323 },
    { url = "https://files.pythonhosted.org/packages/e0/d3/39190c40a68defd19b99c1082dd7455543a52283803bfa111b0e45fae968/siphash24-1.7-cp312-cp312-win_amd64.whl", hash = "sha256:7459569ea4669b6feeaf7d299fc5157cc5c69ca1231dc0decb7a7da2397c782e", size = 81000 },
]

[[package]]
name = "typing-extensions"
version = "4.14.1"
source = { registry = "https://pypi.org/simple" }
sdist = { url = "https://files.pythonhosted.org/packages/98/5a/da40306b885cc8c09109dc2e1abd358d5684b1425678151cdaed4731c822/typing_extensions-4.14.1.tar.gz", hash = "sha256:38b39f4aeeab64884ce9f74c94263ef78f3c22467c8724005483154c26648d36", size = 107673 }
wheels = [
    { url = "https://files.pythonhosted.org/packages/b5/00/d631e67a838026495268c2f6884f3711a15a9a2a96cd244fdaea53b823fb/typing_extensions-4.14.1-py3-none-any.whl", hash = "sha256:d1e1e3b58374dc93031d6eda2420a48ea44a36c2b4766a4fdeb3710755731d76", size = 43906 },
]
